
Microsoft Visual Studio Solution File, Format Version 11.00
# Visual Studio 2010
Project("{FAE04EC0-301F-11D3-BF4B-00C04F79EFBC}") = "NancyTest", "NancyTest\NancyTest.csproj", "{AB6E4749-87EF-4649-BB45-6B859ADD624C}"
EndProject
Project("{FAE04EC0-301F-11D3-BF4B-00C04F79EFBC}") = "Handler", "Handler\Handler.csproj", "{2014726B-7626-4587-8E66-82F472551A40}"
EndProject
Global
	GlobalSection(SolutionConfigurationPlatforms) = preSolution
		Debug|Any CPU = Debug|Any CPU
		Release|Any CPU = Release|Any CPU
	EndGlobalSection
	GlobalSection(ProjectConfigurationPlatforms) = postSolution
		{AB6E4749-87EF-4649-BB45-6B859ADD624C}.Debug|Any CPU.ActiveCfg = Debug|Any CPU
		{AB6E4749-87EF-4649-BB45-6B859ADD624C}.Debug|Any CPU.Build.0 = Debug|Any CPU
		{AB6E4749-87EF-4649-BB45-6B859ADD624C}.Release|Any CPU.ActiveCfg = Release|Any CPU
		{AB6E4749-87EF-4649-BB45-6B859ADD624C}.Release|Any CPU.Build.0 = Release|Any CPU
		{2014726B-7626-4587-8E66-82F472551A40}.Debug|Any CPU.ActiveCfg = Debug|Any CPU
		{2014726B-7626-4587-8E66-82F472551A40}.Debug|Any CPU.Build.0 = Debug|Any CPU
		{2014726B-7626-4587-8E66-82F472551A40}.Release|Any CPU.ActiveCfg = Release|Any CPU
		{2014726B-7626-4587-8E66-82F472551A40}.Release|Any CPU.Build.0 = Release|Any CPU
	EndGlobalSection
	GlobalSection(SolutionProperties) = preSolution
		HideSolutionNode = FALSE
	EndGlobalSection
EndGlobal
